
Microsoft Visual Studio Solution File, Format Version 12.00
# Visual Studio Version 17
VisualStudioVersion = 17.0.32112.339
MinimumVisualStudioVersion = 10.0.40219.1
Project("{FAE04EC0-301F-11D3-BF4B-00C04F79EFBC}") = "reolmarkedtest", "reolmarkedtest\reolmarkedtest.csproj", "{669217A2-3981-4AA2-915F-6B1A9B71A714}"
EndProject
Global
	GlobalSection(SolutionConfigurationPlatforms) = preSolution
		Debug|Any CPU = Debug|Any CPU
		Release|Any CPU = Release|Any CPU
	EndGlobalSection
	GlobalSection(ProjectConfigurationPlatforms) = postSolution
		{669217A2-3981-4AA2-915F-6B1A9B71A714}.Debug|Any CPU.ActiveCfg = Debug|Any CPU
		{669217A2-3981-4AA2-915F-6B1A9B71A714}.Debug|Any CPU.Build.0 = Debug|Any CPU
		{669217A2-3981-4AA2-915F-6B1A9B71A714}.Release|Any CPU.ActiveCfg = Release|Any CPU
		{669217A2-3981-4AA2-915F-6B1A9B71A714}.Release|Any CPU.Build.0 = Release|Any CPU
	EndGlobalSection
	GlobalSection(SolutionProperties) = preSolution
		HideSolutionNode = FALSE
	EndGlobalSection
	GlobalSection(ExtensibilityGlobals) = postSolution
		SolutionGuid = {CED5D8C8-3AB7-43CC-8209-4345ED677473}
	EndGlobalSection
EndGlobal
